# THIS IS AN AUTOGENERATED FILE. DO NOT EDIT THIS FILE DIRECTLY.
# yarn lockfile v1


"@babel/code-frame@^7.0.0":
  "version" "7.12.13"
  dependencies:
    "@babel/highlight" "^7.12.13"

"@babel/code-frame@7.12.11":
  "version" "7.12.11"
  dependencies:
    "@babel/highlight" "^7.10.4"

"@babel/helper-validator-identifier@^7.14.0":
  "version" "7.14.0"

"@babel/highlight@^7.10.4", "@babel/highlight@^7.12.13":
  "version" "7.14.0"
  dependencies:
    "@babel/helper-validator-identifier" "^7.14.0"
    "chalk" "^2.0.0"
    "js-tokens" "^4.0.0"

"@commitlint/execute-rule@^13.0.0":
  "version" "13.0.0"

"@commitlint/load@>6.1.1":
  "version" "13.0.0"
  dependencies:
    "@commitlint/execute-rule" "^13.0.0"
    "@commitlint/resolve-extends" "^13.0.0"
    "@commitlint/types" "^13.0.0"
    "chalk" "^4.0.0"
    "cosmiconfig" "^7.0.0"
    "lodash" "^4.17.19"
    "resolve-from" "^5.0.0"

"@commitlint/resolve-extends@^13.0.0":
  "version" "13.0.0"
  dependencies:
    "import-fresh" "^3.0.0"
    "lodash" "^4.17.19"
    "resolve-from" "^5.0.0"
    "resolve-global" "^1.0.0"

"@commitlint/types@^13.0.0":
  "version" "13.0.0"
  dependencies:
    "chalk" "^4.0.0"

"@eslint/eslintrc@^0.4.1":
  "version" "0.4.1"
  dependencies:
    "ajv" "^6.12.4"
    "debug" "^4.1.1"
    "espree" "^7.3.0"
    "globals" "^12.1.0"
    "ignore" "^4.0.6"
    "import-fresh" "^3.2.1"
    "js-yaml" "^3.13.1"
    "minimatch" "^3.0.4"
    "strip-json-comments" "^3.1.1"

"@nodelib/fs.scandir@2.1.4":
  "version" "2.1.4"
  dependencies:
    "@nodelib/fs.stat" "2.0.4"
    "run-parallel" "^1.1.9"

"@nodelib/fs.stat@^2.0.2", "@nodelib/fs.stat@2.0.4":
  "version" "2.0.4"

"@nodelib/fs.walk@^1.2.3":
  "version" "1.2.6"
  dependencies:
    "@nodelib/fs.scandir" "2.1.4"
    "fastq" "^1.6.0"

"@npmcli/git@^2.0.1":
  "version" "2.0.9"
  dependencies:
    "@npmcli/promise-spawn" "^1.3.2"
    "lru-cache" "^6.0.0"
    "mkdirp" "^1.0.4"
    "npm-pick-manifest" "^6.1.1"
    "promise-inflight" "^1.0.1"
    "promise-retry" "^2.0.1"
    "semver" "^7.3.5"
    "which" "^2.0.2"

"@npmcli/installed-package-contents@^1.0.6":
  "version" "1.0.7"
  dependencies:
    "npm-bundled" "^1.1.1"
    "npm-normalize-package-bin" "^1.0.1"

"@npmcli/move-file@^1.0.1":
  "version" "1.1.2"
  dependencies:
    "mkdirp" "^1.0.4"
    "rimraf" "^3.0.2"

"@npmcli/node-gyp@^1.0.2":
  "version" "1.0.2"

"@npmcli/promise-spawn@^1.2.0", "@npmcli/promise-spawn@^1.3.2":
  "version" "1.3.2"
  dependencies:
    "infer-owner" "^1.0.4"

"@npmcli/run-script@^1.8.2":
  "version" "1.8.5"
  dependencies:
    "@npmcli/node-gyp" "^1.0.2"
    "@npmcli/promise-spawn" "^1.3.2"
    "infer-owner" "^1.0.4"
    "node-gyp" "^7.1.0"
    "read-package-json-fast" "^2.0.1"

"@sindresorhus/is@^0.14.0":
  "version" "0.14.0"

"@szmarczak/http-timer@^1.1.2":
  "version" "1.1.2"
  dependencies:
    "defer-to-connect" "^1.0.1"

"@tootallnate/once@1":
  "version" "1.1.2"

"@types/json-schema@^7.0.3":
  "version" "7.0.7"

"@types/node@^15.6.1":
  "version" "15.6.1"

"@types/parse-json@^4.0.0":
  "version" "4.0.0"

"@types/tmp@^0.2.0":
  "version" "0.2.0"

"@typescript-eslint/eslint-plugin@^4.25.0":
  "version" "4.25.0"
  dependencies:
    "@typescript-eslint/experimental-utils" "4.25.0"
    "@typescript-eslint/scope-manager" "4.25.0"
    "debug" "^4.1.1"
    "functional-red-black-tree" "^1.0.1"
    "lodash" "^4.17.15"
    "regexpp" "^3.0.0"
    "semver" "^7.3.2"
    "tsutils" "^3.17.1"

"@typescript-eslint/experimental-utils@4.25.0":
  "version" "4.25.0"
  dependencies:
    "@types/json-schema" "^7.0.3"
    "@typescript-eslint/scope-manager" "4.25.0"
    "@typescript-eslint/types" "4.25.0"
    "@typescript-eslint/typescript-estree" "4.25.0"
    "eslint-scope" "^5.0.0"
    "eslint-utils" "^2.0.0"

"@typescript-eslint/parser@^4.0.0", "@typescript-eslint/parser@^4.25.0":
  "version" "4.25.0"
  dependencies:
    "@typescript-eslint/scope-manager" "4.25.0"
    "@typescript-eslint/types" "4.25.0"
    "@typescript-eslint/typescript-estree" "4.25.0"
    "debug" "^4.1.1"

"@typescript-eslint/scope-manager@4.25.0":
  "version" "4.25.0"
  dependencies:
    "@typescript-eslint/types" "4.25.0"
    "@typescript-eslint/visitor-keys" "4.25.0"

"@typescript-eslint/types@4.25.0":
  "version" "4.25.0"

"@typescript-eslint/typescript-estree@4.25.0":
  "version" "4.25.0"
  dependencies:
    "@typescript-eslint/types" "4.25.0"
    "@typescript-eslint/visitor-keys" "4.25.0"
    "debug" "^4.1.1"
    "globby" "^11.0.1"
    "is-glob" "^4.0.1"
    "semver" "^7.3.2"
    "tsutils" "^3.17.1"

"@typescript-eslint/visitor-keys@4.25.0":
  "version" "4.25.0"
  dependencies:
    "@typescript-eslint/types" "4.25.0"
    "eslint-visitor-keys" "^2.0.0"

"abbrev@1":
  "version" "1.1.1"

"acorn-jsx@^5.3.1":
  "version" "5.3.1"

"acorn@^6.0.0 || ^7.0.0 || ^8.0.0", "acorn@^7.4.0":
  "version" "7.4.1"

"agent-base@6":
  "version" "6.0.2"
  dependencies:
    "debug" "4"

"agentkeepalive@^4.1.3":
  "version" "4.1.4"
  dependencies:
    "debug" "^4.1.0"
    "depd" "^1.1.2"
    "humanize-ms" "^1.2.1"

"aggregate-error@^3.0.0":
  "version" "3.1.0"
  dependencies:
    "clean-stack" "^2.0.0"
    "indent-string" "^4.0.0"

"ajv@^6.10.0", "ajv@^6.12.3", "ajv@^6.12.4":
  "version" "6.12.6"
  dependencies:
    "fast-deep-equal" "^3.1.1"
    "fast-json-stable-stringify" "^2.0.0"
    "json-schema-traverse" "^0.4.1"
    "uri-js" "^4.2.2"

"ajv@^8.0.1":
  "version" "8.2.0"
  dependencies:
    "fast-deep-equal" "^3.1.1"
    "json-schema-traverse" "^1.0.0"
    "require-from-string" "^2.0.2"
    "uri-js" "^4.2.2"

"ansi-align@^3.0.0":
  "version" "3.0.0"
  dependencies:
    "string-width" "^3.0.0"

"ansi-colors@^4.1.1":
  "version" "4.1.1"

"ansi-escapes@^3.2.0":
  "version" "3.2.0"

"ansi-regex@^2.0.0":
  "version" "2.1.1"

"ansi-regex@^3.0.0":
  "version" "3.0.0"

"ansi-regex@^4.1.0":
  "version" "4.1.0"

"ansi-regex@^5.0.0":
  "version" "5.0.0"

"ansi-styles@^3.2.1":
  "version" "3.2.1"
  dependencies:
    "color-convert" "^1.9.0"

"ansi-styles@^4.0.0", "ansi-styles@^4.1.0":
  "version" "4.3.0"
  dependencies:
    "color-convert" "^2.0.1"

"aproba@^1.0.3":
  "version" "1.2.0"

"are-we-there-yet@~1.1.2":
  "version" "1.1.5"
  dependencies:
    "delegates" "^1.0.0"
    "readable-stream" "^2.0.6"

"argparse@^1.0.7":
  "version" "1.0.10"
  dependencies:
    "sprintf-js" "~1.0.2"

"argparse@^2.0.1":
  "version" "2.0.1"

"array-union@^2.1.0":
  "version" "2.1.0"

"asn1@~0.2.3":
  "version" "0.2.4"
  dependencies:
    "safer-buffer" "~2.1.0"

"assert-plus@^1.0.0", "assert-plus@1.0.0":
  "version" "1.0.0"

"astral-regex@^2.0.0":
  "version" "2.0.0"

"asynckit@^0.4.0":
  "version" "0.4.0"

"aws-sign2@~0.7.0":
  "version" "0.7.0"

"aws4@^1.8.0":
  "version" "1.11.0"

"balanced-match@^1.0.0":
  "version" "1.0.2"

"bcrypt-pbkdf@^1.0.0":
  "version" "1.0.2"
  dependencies:
    "tweetnacl" "^0.14.3"

"boxen@^5.0.0":
  "version" "5.0.1"
  dependencies:
    "ansi-align" "^3.0.0"
    "camelcase" "^6.2.0"
    "chalk" "^4.1.0"
    "cli-boxes" "^2.2.1"
    "string-width" "^4.2.0"
    "type-fest" "^0.20.2"
    "widest-line" "^3.1.0"
    "wrap-ansi" "^7.0.0"

"brace-expansion@^1.1.7":
  "version" "1.1.11"
  dependencies:
    "balanced-match" "^1.0.0"
    "concat-map" "0.0.1"

"braces@^3.0.1":
  "version" "3.0.2"
  dependencies:
    "fill-range" "^7.0.1"

"builtins@^1.0.3":
  "version" "1.0.3"

"cacache@^15.0.5":
  "version" "15.0.6"
  dependencies:
    "@npmcli/move-file" "^1.0.1"
    "chownr" "^2.0.0"
    "fs-minipass" "^2.0.0"
    "glob" "^7.1.4"
    "infer-owner" "^1.0.4"
    "lru-cache" "^6.0.0"
    "minipass" "^3.1.1"
    "minipass-collect" "^1.0.2"
    "minipass-flush" "^1.0.5"
    "minipass-pipeline" "^1.2.2"
    "mkdirp" "^1.0.3"
    "p-map" "^4.0.0"
    "promise-inflight" "^1.0.1"
    "rimraf" "^3.0.2"
    "ssri" "^8.0.1"
    "tar" "^6.0.2"
    "unique-filename" "^1.1.1"

"cacheable-request@^6.0.0":
  "version" "6.1.0"
  dependencies:
    "clone-response" "^1.0.2"
    "get-stream" "^5.1.0"
    "http-cache-semantics" "^4.0.0"
    "keyv" "^3.0.0"
    "lowercase-keys" "^2.0.0"
    "normalize-url" "^4.1.0"
    "responselike" "^1.0.2"

"cachedir@2.2.0":
  "version" "2.2.0"

"callsites@^3.0.0":
  "version" "3.1.0"

"camelcase@^6.2.0":
  "version" "6.2.0"

"caseless@~0.12.0":
  "version" "0.12.0"

"chalk@^2.0.0":
  "version" "2.4.2"
  dependencies:
    "ansi-styles" "^3.2.1"
    "escape-string-regexp" "^1.0.5"
    "supports-color" "^5.3.0"

"chalk@^2.4.1":
  "version" "2.4.2"
  dependencies:
    "ansi-styles" "^3.2.1"
    "escape-string-regexp" "^1.0.5"
    "supports-color" "^5.3.0"

"chalk@^2.4.2":
  "version" "2.4.2"
  dependencies:
    "ansi-styles" "^3.2.1"
    "escape-string-regexp" "^1.0.5"
    "supports-color" "^5.3.0"

"chalk@^4.0.0", "chalk@^4.1.0", "chalk@^4.1.1":
  "version" "4.1.1"
  dependencies:
    "ansi-styles" "^4.1.0"
    "supports-color" "^7.1.0"

"chardet@^0.7.0":
  "version" "0.7.0"

"chownr@^2.0.0":
  "version" "2.0.0"

"ci-info@^2.0.0":
  "version" "2.0.0"

"cint@^8.2.1":
  "version" "8.2.1"

"clean-stack@^2.0.0":
  "version" "2.2.0"

"cli-boxes@^2.2.1":
  "version" "2.2.1"

"cli-cursor@^2.1.0":
  "version" "2.1.0"
  dependencies:
    "restore-cursor" "^2.0.0"

"cli-table@^0.3.6":
  "version" "0.3.6"
  dependencies:
    "colors" "1.0.3"

"cli-width@^2.0.0":
  "version" "2.2.1"

"clone-response@^1.0.2":
  "version" "1.0.2"
  dependencies:
    "mimic-response" "^1.0.0"

"code-point-at@^1.0.0":
  "version" "1.1.0"

"color-convert@^1.9.0":
  "version" "1.9.3"
  dependencies:
    "color-name" "1.1.3"

"color-convert@^2.0.1":
  "version" "2.0.1"
  dependencies:
    "color-name" "~1.1.4"

"color-name@~1.1.4":
  "version" "1.1.4"

"color-name@1.1.3":
  "version" "1.1.3"

"colors@1.0.3":
  "version" "1.0.3"

"combined-stream@^1.0.6", "combined-stream@~1.0.6":
  "version" "1.0.8"
  dependencies:
    "delayed-stream" "~1.0.0"

"commander@^6.2.1":
  "version" "6.2.1"

"commitizen@^4.0.3", "commitizen@^4.2.4":
  "version" "4.2.4"
  dependencies:
    "cachedir" "2.2.0"
    "cz-conventional-changelog" "3.2.0"
    "dedent" "0.7.0"
    "detect-indent" "6.0.0"
    "find-node-modules" "^2.1.2"
    "find-root" "1.1.0"
    "fs-extra" "8.1.0"
    "glob" "7.1.4"
    "inquirer" "6.5.2"
    "is-utf8" "^0.2.1"
    "lodash" "^4.17.20"
    "minimist" "1.2.5"
    "strip-bom" "4.0.0"
    "strip-json-comments" "3.0.1"

"concat-map@0.0.1":
  "version" "0.0.1"

"configstore@^5.0.1":
  "version" "5.0.1"
  dependencies:
    "dot-prop" "^5.2.0"
    "graceful-fs" "^4.1.2"
    "make-dir" "^3.0.0"
    "unique-string" "^2.0.0"
    "write-file-atomic" "^3.0.0"
    "xdg-basedir" "^4.0.0"

"console-control-strings@^1.0.0", "console-control-strings@~1.1.0":
  "version" "1.1.0"

"conventional-commit-types@^3.0.0":
  "version" "3.0.0"

"core-util-is@~1.0.0", "core-util-is@1.0.2":
  "version" "1.0.2"

"cosmiconfig@^7.0.0":
  "version" "7.0.0"
  dependencies:
    "@types/parse-json" "^4.0.0"
    "import-fresh" "^3.2.1"
    "parse-json" "^5.0.0"
    "path-type" "^4.0.0"
    "yaml" "^1.10.0"

"cross-spawn@^7.0.2":
  "version" "7.0.3"
  dependencies:
    "path-key" "^3.1.0"
    "shebang-command" "^2.0.0"
    "which" "^2.0.1"

"crypto-random-string@^2.0.0":
  "version" "2.0.0"

"cz-conventional-changelog@^3.2.0", "cz-conventional-changelog@3.2.0":
  "version" "3.2.0"
  dependencies:
    "chalk" "^2.4.1"
    "commitizen" "^4.0.3"
    "conventional-commit-types" "^3.0.0"
    "lodash.map" "^4.5.1"
    "longest" "^2.0.1"
    "word-wrap" "^1.0.3"
  optionalDependencies:
    "@commitlint/load" ">6.1.1"

"dashdash@^1.12.0":
  "version" "1.14.1"
  dependencies:
    "assert-plus" "^1.0.0"

"debug@^4.0.1", "debug@^4.1.0", "debug@^4.1.1", "debug@4":
  "version" "4.3.2"
  dependencies:
    "ms" "2.1.2"

"decompress-response@^3.3.0":
  "version" "3.3.0"
  dependencies:
    "mimic-response" "^1.0.0"

"dedent@0.7.0":
  "version" "0.7.0"

"deep-extend@^0.6.0":
  "version" "0.6.0"

"deep-is@^0.1.3":
  "version" "0.1.3"

"defer-to-connect@^1.0.1":
  "version" "1.1.3"

"delayed-stream@~1.0.0":
  "version" "1.0.0"

"delegates@^1.0.0":
  "version" "1.0.0"

"depd@^1.1.2":
  "version" "1.1.2"

"detect-file@^1.0.0":
  "version" "1.0.0"

"detect-indent@6.0.0":
  "version" "6.0.0"

"dir-glob@^3.0.1":
  "version" "3.0.1"
  dependencies:
    "path-type" "^4.0.0"

"doctrine@^3.0.0":
  "version" "3.0.0"
  dependencies:
    "esutils" "^2.0.2"

"dot-prop@^5.2.0":
  "version" "5.3.0"
  dependencies:
    "is-obj" "^2.0.0"

"duplexer3@^0.1.4":
  "version" "0.1.4"

"ecc-jsbn@~0.1.1":
  "version" "0.1.2"
  dependencies:
    "jsbn" "~0.1.0"
    "safer-buffer" "^2.1.0"

"emoji-regex@^7.0.1":
  "version" "7.0.3"

"emoji-regex@^8.0.0":
  "version" "8.0.0"

"encoding@^0.1.12":
  "version" "0.1.13"
  dependencies:
    "iconv-lite" "^0.6.2"

"end-of-stream@^1.1.0":
  "version" "1.4.4"
  dependencies:
    "once" "^1.4.0"

"enquirer@^2.3.5":
  "version" "2.3.6"
  dependencies:
    "ansi-colors" "^4.1.1"

"env-paths@^2.2.0":
  "version" "2.2.1"

"err-code@^2.0.2":
  "version" "2.0.3"

"error-ex@^1.3.1":
  "version" "1.3.2"
  dependencies:
    "is-arrayish" "^0.2.1"

"escape-goat@^2.0.0":
  "version" "2.1.1"

"escape-string-regexp@^1.0.5":
  "version" "1.0.5"

"escape-string-regexp@^4.0.0":
  "version" "4.0.0"

"eslint-config-prettier@^8.3.0":
  "version" "8.3.0"

"eslint-scope@^5.0.0", "eslint-scope@^5.1.1":
  "version" "5.1.1"
  dependencies:
    "esrecurse" "^4.3.0"
    "estraverse" "^4.1.1"

"eslint-utils@^2.0.0", "eslint-utils@^2.1.0":
  "version" "2.1.0"
  dependencies:
    "eslint-visitor-keys" "^1.1.0"

"eslint-visitor-keys@^1.1.0", "eslint-visitor-keys@^1.3.0":
  "version" "1.3.0"

"eslint-visitor-keys@^2.0.0":
  "version" "2.1.0"

"eslint@*", "eslint@^5.0.0 || ^6.0.0 || ^7.0.0", "eslint@^7.27.0", "eslint@>=7.0.0":
  "version" "7.27.0"
  dependencies:
    "@babel/code-frame" "7.12.11"
    "@eslint/eslintrc" "^0.4.1"
    "ajv" "^6.10.0"
    "chalk" "^4.0.0"
    "cross-spawn" "^7.0.2"
    "debug" "^4.0.1"
    "doctrine" "^3.0.0"
    "enquirer" "^2.3.5"
    "escape-string-regexp" "^4.0.0"
    "eslint-scope" "^5.1.1"
    "eslint-utils" "^2.1.0"
    "eslint-visitor-keys" "^2.0.0"
    "espree" "^7.3.1"
    "esquery" "^1.4.0"
    "esutils" "^2.0.2"
    "fast-deep-equal" "^3.1.3"
    "file-entry-cache" "^6.0.1"
    "functional-red-black-tree" "^1.0.1"
    "glob-parent" "^5.0.0"
    "globals" "^13.6.0"
    "ignore" "^4.0.6"
    "import-fresh" "^3.0.0"
    "imurmurhash" "^0.1.4"
    "is-glob" "^4.0.0"
    "js-yaml" "^3.13.1"
    "json-stable-stringify-without-jsonify" "^1.0.1"
    "levn" "^0.4.1"
    "lodash.merge" "^4.6.2"
    "minimatch" "^3.0.4"
    "natural-compare" "^1.4.0"
    "optionator" "^0.9.1"
    "progress" "^2.0.0"
    "regexpp" "^3.1.0"
    "semver" "^7.2.1"
    "strip-ansi" "^6.0.0"
    "strip-json-comments" "^3.1.0"
    "table" "^6.0.9"
    "text-table" "^0.2.0"
    "v8-compile-cache" "^2.0.3"

"espree@^7.3.0", "espree@^7.3.1":
  "version" "7.3.1"
  dependencies:
    "acorn" "^7.4.0"
    "acorn-jsx" "^5.3.1"
    "eslint-visitor-keys" "^1.3.0"

"esprima@^4.0.0":
  "version" "4.0.1"

"esquery@^1.4.0":
  "version" "1.4.0"
  dependencies:
    "estraverse" "^5.1.0"

"esrecurse@^4.3.0":
  "version" "4.3.0"
  dependencies:
    "estraverse" "^5.2.0"

"estraverse@^4.1.1":
  "version" "4.3.0"

"estraverse@^5.1.0", "estraverse@^5.2.0":
  "version" "5.2.0"

"esutils@^2.0.2":
  "version" "2.0.3"

"expand-tilde@^2.0.0", "expand-tilde@^2.0.2":
  "version" "2.0.2"
  dependencies:
    "homedir-polyfill" "^1.0.1"

"extend@~3.0.2":
  "version" "3.0.2"

"external-editor@^3.0.3":
  "version" "3.1.0"
  dependencies:
    "chardet" "^0.7.0"
    "iconv-lite" "^0.4.24"
    "tmp" "^0.0.33"

"extsprintf@^1.2.0":
  "version" "1.4.0"

"extsprintf@1.3.0":
  "version" "1.3.0"

"fast-deep-equal@^3.1.1", "fast-deep-equal@^3.1.3":
  "version" "3.1.3"

"fast-glob@^3.1.1":
  "version" "3.2.5"
  dependencies:
    "@nodelib/fs.stat" "^2.0.2"
    "@nodelib/fs.walk" "^1.2.3"
    "glob-parent" "^5.1.0"
    "merge2" "^1.3.0"
    "micromatch" "^4.0.2"
    "picomatch" "^2.2.1"

"fast-json-stable-stringify@^2.0.0":
  "version" "2.1.0"

"fast-levenshtein@^2.0.6":
  "version" "2.0.6"

"fastq@^1.6.0":
  "version" "1.11.0"
  dependencies:
    "reusify" "^1.0.4"

"figgy-pudding@^3.5.1":
  "version" "3.5.2"

"figures@^2.0.0":
  "version" "2.0.0"
  dependencies:
    "escape-string-regexp" "^1.0.5"

"file-entry-cache@^6.0.1":
  "version" "6.0.1"
  dependencies:
    "flat-cache" "^3.0.4"

"fill-range@^7.0.1":
  "version" "7.0.1"
  dependencies:
    "to-regex-range" "^5.0.1"

"find-node-modules@^2.1.2":
  "version" "2.1.2"
  dependencies:
    "findup-sync" "^4.0.0"
    "merge" "^2.1.0"

"find-root@1.1.0":
  "version" "1.1.0"

"find-up@^3.0.0":
  "version" "3.0.0"
  dependencies:
    "locate-path" "^3.0.0"

"find-up@5.0.0":
  "version" "5.0.0"
  dependencies:
    "locate-path" "^6.0.0"
    "path-exists" "^4.0.0"

"findup-sync@^4.0.0":
  "version" "4.0.0"
  dependencies:
    "detect-file" "^1.0.0"
    "is-glob" "^4.0.0"
    "micromatch" "^4.0.2"
    "resolve-dir" "^1.0.1"

"flat-cache@^3.0.4":
  "version" "3.0.4"
  dependencies:
    "flatted" "^3.1.0"
    "rimraf" "^3.0.2"

"flatted@^3.1.0":
  "version" "3.1.1"

"forever-agent@~0.6.1":
  "version" "0.6.1"

"form-data@~2.3.2":
  "version" "2.3.3"
  dependencies:
    "asynckit" "^0.4.0"
    "combined-stream" "^1.0.6"
    "mime-types" "^2.1.12"

"fp-and-or@^0.1.3":
  "version" "0.1.3"

"fs-extra@8.1.0":
  "version" "8.1.0"
  dependencies:
    "graceful-fs" "^4.2.0"
    "jsonfile" "^4.0.0"
    "universalify" "^0.1.0"

"fs-minipass@^2.0.0", "fs-minipass@^2.1.0":
  "version" "2.1.0"
  dependencies:
    "minipass" "^3.0.0"

"fs.realpath@^1.0.0":
  "version" "1.0.0"

"functional-red-black-tree@^1.0.1":
  "version" "1.0.1"

"gauge@~2.7.3":
  "version" "2.7.4"
  dependencies:
    "aproba" "^1.0.3"
    "console-control-strings" "^1.0.0"
    "has-unicode" "^2.0.0"
    "object-assign" "^4.1.0"
    "signal-exit" "^3.0.0"
    "string-width" "^1.0.1"
    "strip-ansi" "^3.0.1"
    "wide-align" "^1.1.0"

"get-stdin@^8.0.0":
  "version" "8.0.0"

"get-stream@^4.1.0":
  "version" "4.1.0"
  dependencies:
    "pump" "^3.0.0"

"get-stream@^5.1.0":
  "version" "5.2.0"
  dependencies:
    "pump" "^3.0.0"

"getpass@^0.1.1":
  "version" "0.1.7"
  dependencies:
    "assert-plus" "^1.0.0"

"glob-parent@^5.0.0", "glob-parent@^5.1.0":
  "version" "5.1.2"
  dependencies:
    "is-glob" "^4.0.1"

"glob@^7.1.3", "glob@^7.1.4", "glob@^7.1.6":
  "version" "7.1.7"
  dependencies:
    "fs.realpath" "^1.0.0"
    "inflight" "^1.0.4"
    "inherits" "2"
    "minimatch" "^3.0.4"
    "once" "^1.3.0"
    "path-is-absolute" "^1.0.0"

"glob@7.1.4":
  "version" "7.1.4"
  dependencies:
    "fs.realpath" "^1.0.0"
    "inflight" "^1.0.4"
    "inherits" "2"
    "minimatch" "^3.0.4"
    "once" "^1.3.0"
    "path-is-absolute" "^1.0.0"

"global-dirs@^0.1.1":
  "version" "0.1.1"
  dependencies:
    "ini" "^1.3.4"

"global-dirs@^3.0.0":
  "version" "3.0.0"
  dependencies:
    "ini" "2.0.0"

"global-modules@^1.0.0":
  "version" "1.0.0"
  dependencies:
    "global-prefix" "^1.0.1"
    "is-windows" "^1.0.1"
    "resolve-dir" "^1.0.0"

"global-prefix@^1.0.1":
  "version" "1.0.2"
  dependencies:
    "expand-tilde" "^2.0.2"
    "homedir-polyfill" "^1.0.1"
    "ini" "^1.3.4"
    "is-windows" "^1.0.1"
    "which" "^1.2.14"

"globals@^12.1.0":
  "version" "12.4.0"
  dependencies:
    "type-fest" "^0.8.1"

"globals@^13.6.0":
  "version" "13.8.0"
  dependencies:
    "type-fest" "^0.20.2"

"globby@^11.0.1", "globby@^11.0.3":
  "version" "11.0.3"
  dependencies:
    "array-union" "^2.1.0"
    "dir-glob" "^3.0.1"
    "fast-glob" "^3.1.1"
    "ignore" "^5.1.4"
    "merge2" "^1.3.0"
    "slash" "^3.0.0"

"got@^9.6.0":
  "version" "9.6.0"
  dependencies:
    "@sindresorhus/is" "^0.14.0"
    "@szmarczak/http-timer" "^1.1.2"
    "cacheable-request" "^6.0.0"
    "decompress-response" "^3.3.0"
    "duplexer3" "^0.1.4"
    "get-stream" "^4.1.0"
    "lowercase-keys" "^1.0.1"
    "mimic-response" "^1.0.1"
    "p-cancelable" "^1.0.0"
    "to-readable-stream" "^1.0.0"
    "url-parse-lax" "^3.0.0"

"graceful-fs@^4.1.2", "graceful-fs@^4.1.6", "graceful-fs@^4.2.0", "graceful-fs@^4.2.3":
  "version" "4.2.6"

"har-schema@^2.0.0":
  "version" "2.0.0"

"har-validator@~5.1.3":
  "version" "5.1.5"
  dependencies:
    "ajv" "^6.12.3"
    "har-schema" "^2.0.0"

"has-flag@^3.0.0":
  "version" "3.0.0"

"has-flag@^4.0.0":
  "version" "4.0.0"

"has-unicode@^2.0.0":
  "version" "2.0.1"

"has-yarn@^2.1.0":
  "version" "2.1.0"

"homedir-polyfill@^1.0.1":
  "version" "1.0.3"
  dependencies:
    "parse-passwd" "^1.0.0"

"hosted-git-info@^4.0.1", "hosted-git-info@^4.0.2":
  "version" "4.0.2"
  dependencies:
    "lru-cache" "^6.0.0"

"http-cache-semantics@^4.0.0", "http-cache-semantics@^4.1.0":
  "version" "4.1.0"

"http-proxy-agent@^4.0.1":
  "version" "4.0.1"
  dependencies:
    "@tootallnate/once" "1"
    "agent-base" "6"
    "debug" "4"

"http-signature@~1.2.0":
  "version" "1.2.0"
  dependencies:
    "assert-plus" "^1.0.0"
    "jsprim" "^1.2.2"
    "sshpk" "^1.7.0"

"https-proxy-agent@^5.0.0":
  "version" "5.0.0"
  dependencies:
    "agent-base" "6"
    "debug" "4"

"humanize-ms@^1.2.1":
  "version" "1.2.1"
  dependencies:
    "ms" "^2.0.0"

"iconv-lite@^0.4.24":
  "version" "0.4.24"
  dependencies:
    "safer-buffer" ">= 2.1.2 < 3"

"iconv-lite@^0.6.2":
  "version" "0.6.2"
  dependencies:
    "safer-buffer" ">= 2.1.2 < 3.0.0"

"ignore-walk@^3.0.3":
  "version" "3.0.4"
  dependencies:
    "minimatch" "^3.0.4"

"ignore@^4.0.6":
  "version" "4.0.6"

"ignore@^5.1.4":
  "version" "5.1.8"

"import-fresh@^3.0.0", "import-fresh@^3.2.1":
  "version" "3.3.0"
  dependencies:
    "parent-module" "^1.0.0"
    "resolve-from" "^4.0.0"

"import-lazy@^2.1.0":
  "version" "2.1.0"

"imurmurhash@^0.1.4":
  "version" "0.1.4"

"indent-string@^4.0.0":
  "version" "4.0.0"

"infer-owner@^1.0.4":
  "version" "1.0.4"

"inflight@^1.0.4":
  "version" "1.0.6"
  dependencies:
    "once" "^1.3.0"
    "wrappy" "1"

"inherits@~2.0.3", "inherits@2":
  "version" "2.0.4"

"ini@^1.3.4", "ini@^1.3.5", "ini@~1.3.0":
  "version" "1.3.8"

"ini@2.0.0":
  "version" "2.0.0"

"inquirer@6.5.2":
  "version" "6.5.2"
  dependencies:
    "ansi-escapes" "^3.2.0"
    "chalk" "^2.4.2"
    "cli-cursor" "^2.1.0"
    "cli-width" "^2.0.0"
    "external-editor" "^3.0.3"
    "figures" "^2.0.0"
    "lodash" "^4.17.12"
    "mute-stream" "0.0.7"
    "run-async" "^2.2.0"
    "rxjs" "^6.4.0"
    "string-width" "^2.1.0"
    "strip-ansi" "^5.1.0"
    "through" "^2.3.6"

"ip@^1.1.5":
  "version" "1.1.5"

"is-arrayish@^0.2.1":
  "version" "0.2.1"

"is-ci@^2.0.0":
  "version" "2.0.0"
  dependencies:
    "ci-info" "^2.0.0"

"is-extglob@^2.1.1":
  "version" "2.1.1"

"is-fullwidth-code-point@^1.0.0":
  "version" "1.0.0"
  dependencies:
    "number-is-nan" "^1.0.0"

"is-fullwidth-code-point@^2.0.0":
  "version" "2.0.0"

"is-fullwidth-code-point@^3.0.0":
  "version" "3.0.0"

"is-glob@^4.0.0", "is-glob@^4.0.1":
  "version" "4.0.1"
  dependencies:
    "is-extglob" "^2.1.1"

"is-installed-globally@^0.4.0":
  "version" "0.4.0"
  dependencies:
    "global-dirs" "^3.0.0"
    "is-path-inside" "^3.0.2"

"is-lambda@^1.0.1":
  "version" "1.0.1"

"is-npm@^5.0.0":
  "version" "5.0.0"

"is-number@^7.0.0":
  "version" "7.0.0"

"is-obj@^2.0.0":
  "version" "2.0.0"

"is-path-inside@^3.0.2":
  "version" "3.0.3"

"is-typedarray@^1.0.0", "is-typedarray@~1.0.0":
  "version" "1.0.0"

"is-utf8@^0.2.1":
  "version" "0.2.1"

"is-windows@^1.0.1":
  "version" "1.0.2"

"is-yarn-global@^0.3.0":
  "version" "0.3.0"

"isarray@~1.0.0":
  "version" "1.0.0"

"isexe@^2.0.0":
  "version" "2.0.0"

"isstream@~0.1.2":
  "version" "0.1.2"

"jju@^1.1.0":
  "version" "1.4.0"

"js-tokens@^4.0.0":
  "version" "4.0.0"

"js-yaml@^3.13.1":
  "version" "3.14.1"
  dependencies:
    "argparse" "^1.0.7"
    "esprima" "^4.0.0"

"js-yaml@^4.0.0":
  "version" "4.1.0"
  dependencies:
    "argparse" "^2.0.1"

"jsbn@~0.1.0":
  "version" "0.1.1"

"json-buffer@3.0.0":
  "version" "3.0.0"

"json-parse-even-better-errors@^2.3.0":
  "version" "2.3.1"

"json-parse-helpfulerror@^1.0.3":
  "version" "1.0.3"
  dependencies:
    "jju" "^1.1.0"

"json-schema-traverse@^0.4.1":
  "version" "0.4.1"

"json-schema-traverse@^1.0.0":
  "version" "1.0.0"

"json-schema@0.2.3":
  "version" "0.2.3"

"json-stable-stringify-without-jsonify@^1.0.1":
  "version" "1.0.1"

"json-stringify-safe@~5.0.1":
  "version" "5.0.1"

"json5@^2.1.2":
  "version" "2.2.0"
  dependencies:
    "minimist" "^1.2.5"

"jsonfile@^4.0.0":
  "version" "4.0.0"
  optionalDependencies:
    "graceful-fs" "^4.1.6"

"jsonlines@^0.1.1":
  "version" "0.1.1"

"jsonparse@^1.3.1":
  "version" "1.3.1"

"jsprim@^1.2.2":
  "version" "1.4.1"
  dependencies:
    "assert-plus" "1.0.0"
    "extsprintf" "1.3.0"
    "json-schema" "0.2.3"
    "verror" "1.10.0"

"keyv@^3.0.0":
  "version" "3.1.0"
  dependencies:
    "json-buffer" "3.0.0"

"kleur@^3.0.3":
  "version" "3.0.3"

"latest-version@^5.1.0":
  "version" "5.1.0"
  dependencies:
    "package-json" "^6.3.0"

"levn@^0.4.1":
  "version" "0.4.1"
  dependencies:
    "prelude-ls" "^1.2.1"
    "type-check" "~0.4.0"

"libnpmconfig@^1.2.1":
  "version" "1.2.1"
  dependencies:
    "figgy-pudding" "^3.5.1"
    "find-up" "^3.0.0"
    "ini" "^1.3.5"

"lines-and-columns@^1.1.6":
  "version" "1.1.6"

"locate-path@^3.0.0":
  "version" "3.0.0"
  dependencies:
    "p-locate" "^3.0.0"
    "path-exists" "^3.0.0"

"locate-path@^6.0.0":
  "version" "6.0.0"
  dependencies:
    "p-locate" "^5.0.0"

"lodash.clonedeep@^4.5.0":
  "version" "4.5.0"

"lodash.map@^4.5.1":
  "version" "4.6.0"

"lodash.merge@^4.6.2":
  "version" "4.6.2"

"lodash.truncate@^4.4.2":
  "version" "4.4.2"

"lodash@^4.17.12", "lodash@^4.17.15", "lodash@^4.17.19", "lodash@^4.17.20", "lodash@^4.17.21":
  "version" "4.17.21"

"longest@^2.0.1":
  "version" "2.0.1"

"lowercase-keys@^1.0.0", "lowercase-keys@^1.0.1":
  "version" "1.0.1"

"lowercase-keys@^2.0.0":
  "version" "2.0.0"

"lru-cache@^6.0.0":
  "version" "6.0.0"
  dependencies:
    "yallist" "^4.0.0"

"make-dir@^3.0.0":
  "version" "3.1.0"
  dependencies:
    "semver" "^6.0.0"

"make-fetch-happen@^8.0.9":
  "version" "8.0.14"
  dependencies:
    "agentkeepalive" "^4.1.3"
    "cacache" "^15.0.5"
    "http-cache-semantics" "^4.1.0"
    "http-proxy-agent" "^4.0.1"
    "https-proxy-agent" "^5.0.0"
    "is-lambda" "^1.0.1"
    "lru-cache" "^6.0.0"
    "minipass" "^3.1.3"
    "minipass-collect" "^1.0.2"
    "minipass-fetch" "^1.3.2"
    "minipass-flush" "^1.0.5"
    "minipass-pipeline" "^1.2.4"
    "promise-retry" "^2.0.1"
    "socks-proxy-agent" "^5.0.0"
    "ssri" "^8.0.0"

"map-age-cleaner@^0.1.3":
  "version" "0.1.3"
  dependencies:
    "p-defer" "^1.0.0"

"mem@^8.1.1":
  "version" "8.1.1"
  dependencies:
    "map-age-cleaner" "^0.1.3"
    "mimic-fn" "^3.1.0"

"merge@^2.1.0":
  "version" "2.1.1"

"merge2@^1.3.0":
  "version" "1.4.1"

"micromatch@^4.0.2":
  "version" "4.0.4"
  dependencies:
    "braces" "^3.0.1"
    "picomatch" "^2.2.3"

"mime-db@1.47.0":
  "version" "1.47.0"

"mime-types@^2.1.12", "mime-types@~2.1.19":
  "version" "2.1.30"
  dependencies:
    "mime-db" "1.47.0"

"mimic-fn@^1.0.0":
  "version" "1.2.0"

"mimic-fn@^3.1.0":
  "version" "3.1.0"

"mimic-response@^1.0.0", "mimic-response@^1.0.1":
  "version" "1.0.1"

"minimatch@^3.0.4":
  "version" "3.0.4"
  dependencies:
    "brace-expansion" "^1.1.7"

"minimist@^1.2.0", "minimist@^1.2.5", "minimist@1.2.5":
  "version" "1.2.5"

"minipass-collect@^1.0.2":
  "version" "1.0.2"
  dependencies:
    "minipass" "^3.0.0"

"minipass-fetch@^1.3.0", "minipass-fetch@^1.3.2":
  "version" "1.3.3"
  dependencies:
    "minipass" "^3.1.0"
    "minipass-sized" "^1.0.3"
    "minizlib" "^2.0.0"
  optionalDependencies:
    "encoding" "^0.1.12"

"minipass-flush@^1.0.5":
  "version" "1.0.5"
  dependencies:
    "minipass" "^3.0.0"

"minipass-json-stream@^1.0.1":
  "version" "1.0.1"
  dependencies:
    "jsonparse" "^1.3.1"
    "minipass" "^3.0.0"

"minipass-pipeline@^1.2.2", "minipass-pipeline@^1.2.4":
  "version" "1.2.4"
  dependencies:
    "minipass" "^3.0.0"

"minipass-sized@^1.0.3":
  "version" "1.0.3"
  dependencies:
    "minipass" "^3.0.0"

"minipass@^3.0.0", "minipass@^3.1.0", "minipass@^3.1.1", "minipass@^3.1.3":
  "version" "3.1.3"
  dependencies:
    "yallist" "^4.0.0"

"minizlib@^2.0.0", "minizlib@^2.1.1":
  "version" "2.1.2"
  dependencies:
    "minipass" "^3.0.0"
    "yallist" "^4.0.0"

"mkdirp@^1.0.3", "mkdirp@^1.0.4":
  "version" "1.0.4"

"ms@^2.0.0":
  "version" "2.1.3"

"ms@2.1.2":
  "version" "2.1.2"

"mute-stream@0.0.7":
  "version" "0.0.7"

"natural-compare@^1.4.0":
  "version" "1.4.0"

"node-gyp@^7.1.0":
  "version" "7.1.2"
  dependencies:
    "env-paths" "^2.2.0"
    "glob" "^7.1.4"
    "graceful-fs" "^4.2.3"
    "nopt" "^5.0.0"
    "npmlog" "^4.1.2"
    "request" "^2.88.2"
    "rimraf" "^3.0.2"
    "semver" "^7.3.2"
    "tar" "^6.0.2"
    "which" "^2.0.2"

"nopt@^5.0.0":
  "version" "5.0.0"
  dependencies:
    "abbrev" "1"

"normalize-url@^4.1.0":
  "version" "4.5.0"

"npm-bundled@^1.1.1":
  "version" "1.1.2"
  dependencies:
    "npm-normalize-package-bin" "^1.0.1"

"npm-check-updates@^11.5.13":
  "version" "11.5.13"
  dependencies:
    "chalk" "^4.1.1"
    "cint" "^8.2.1"
    "cli-table" "^0.3.6"
    "commander" "^6.2.1"
    "find-up" "5.0.0"
    "fp-and-or" "^0.1.3"
    "get-stdin" "^8.0.0"
    "globby" "^11.0.3"
    "hosted-git-info" "^4.0.2"
    "json-parse-helpfulerror" "^1.0.3"
    "jsonlines" "^0.1.1"
    "libnpmconfig" "^1.2.1"
    "lodash" "^4.17.21"
    "mem" "^8.1.1"
    "minimatch" "^3.0.4"
    "p-map" "^4.0.0"
    "pacote" "^11.3.3"
    "parse-github-url" "^1.0.2"
    "progress" "^2.0.3"
    "prompts" "^2.4.1"
    "rc-config-loader" "^4.0.0"
    "remote-git-tags" "^3.0.0"
    "rimraf" "^3.0.2"
    "semver" "^7.3.5"
    "semver-utils" "^1.1.4"
    "spawn-please" "^1.0.0"
    "update-notifier" "^5.1.0"

"npm-install-checks@^4.0.0":
  "version" "4.0.0"
  dependencies:
    "semver" "^7.1.1"

"npm-normalize-package-bin@^1.0.1":
  "version" "1.0.1"

"npm-package-arg@^8.0.0", "npm-package-arg@^8.0.1", "npm-package-arg@^8.1.2":
  "version" "8.1.2"
  dependencies:
    "hosted-git-info" "^4.0.1"
    "semver" "^7.3.4"
    "validate-npm-package-name" "^3.0.0"

"npm-packlist@^2.1.4":
  "version" "2.2.2"
  dependencies:
    "glob" "^7.1.6"
    "ignore-walk" "^3.0.3"
    "npm-bundled" "^1.1.1"
    "npm-normalize-package-bin" "^1.0.1"

"npm-pick-manifest@^6.0.0", "npm-pick-manifest@^6.1.1":
  "version" "6.1.1"
  dependencies:
    "npm-install-checks" "^4.0.0"
    "npm-normalize-package-bin" "^1.0.1"
    "npm-package-arg" "^8.1.2"
    "semver" "^7.3.4"

"npm-registry-fetch@^10.0.0":
  "version" "10.1.1"
  dependencies:
    "lru-cache" "^6.0.0"
    "make-fetch-happen" "^8.0.9"
    "minipass" "^3.1.3"
    "minipass-fetch" "^1.3.0"
    "minipass-json-stream" "^1.0.1"
    "minizlib" "^2.0.0"
    "npm-package-arg" "^8.0.0"

"npmlog@^4.1.2":
  "version" "4.1.2"
  dependencies:
    "are-we-there-yet" "~1.1.2"
    "console-control-strings" "~1.1.0"
    "gauge" "~2.7.3"
    "set-blocking" "~2.0.0"

"number-is-nan@^1.0.0":
  "version" "1.0.1"

"oauth-sign@~0.9.0":
  "version" "0.9.0"

"object-assign@^4.1.0":
  "version" "4.1.1"

"once@^1.3.0", "once@^1.3.1", "once@^1.4.0":
  "version" "1.4.0"
  dependencies:
    "wrappy" "1"

"onetime@^2.0.0":
  "version" "2.0.1"
  dependencies:
    "mimic-fn" "^1.0.0"

"optionator@^0.9.1":
  "version" "0.9.1"
  dependencies:
    "deep-is" "^0.1.3"
    "fast-levenshtein" "^2.0.6"
    "levn" "^0.4.1"
    "prelude-ls" "^1.2.1"
    "type-check" "^0.4.0"
    "word-wrap" "^1.2.3"

"os-tmpdir@~1.0.2":
  "version" "1.0.2"

"p-cancelable@^1.0.0":
  "version" "1.1.0"

"p-defer@^1.0.0":
  "version" "1.0.0"

"p-limit@^2.0.0":
  "version" "2.3.0"
  dependencies:
    "p-try" "^2.0.0"

"p-limit@^3.0.2":
  "version" "3.1.0"
  dependencies:
    "yocto-queue" "^0.1.0"

"p-locate@^3.0.0":
  "version" "3.0.0"
  dependencies:
    "p-limit" "^2.0.0"

"p-locate@^5.0.0":
  "version" "5.0.0"
  dependencies:
    "p-limit" "^3.0.2"

"p-map@^4.0.0":
  "version" "4.0.0"
  dependencies:
    "aggregate-error" "^3.0.0"

"p-try@^2.0.0":
  "version" "2.2.0"

"package-json@^6.3.0":
  "version" "6.5.0"
  dependencies:
    "got" "^9.6.0"
    "registry-auth-token" "^4.0.0"
    "registry-url" "^5.0.0"
    "semver" "^6.2.0"

"pacote@^11.3.3":
  "version" "11.3.3"
  dependencies:
    "@npmcli/git" "^2.0.1"
    "@npmcli/installed-package-contents" "^1.0.6"
    "@npmcli/promise-spawn" "^1.2.0"
    "@npmcli/run-script" "^1.8.2"
    "cacache" "^15.0.5"
    "chownr" "^2.0.0"
    "fs-minipass" "^2.1.0"
    "infer-owner" "^1.0.4"
    "minipass" "^3.1.3"
    "mkdirp" "^1.0.3"
    "npm-package-arg" "^8.0.1"
    "npm-packlist" "^2.1.4"
    "npm-pick-manifest" "^6.0.0"
    "npm-registry-fetch" "^10.0.0"
    "promise-retry" "^2.0.1"
    "read-package-json-fast" "^2.0.1"
    "rimraf" "^3.0.2"
    "ssri" "^8.0.1"
    "tar" "^6.1.0"

"parent-module@^1.0.0":
  "version" "1.0.1"
  dependencies:
    "callsites" "^3.0.0"

"parse-github-url@^1.0.2":
  "version" "1.0.2"

"parse-json@^5.0.0":
  "version" "5.2.0"
  dependencies:
    "@babel/code-frame" "^7.0.0"
    "error-ex" "^1.3.1"
    "json-parse-even-better-errors" "^2.3.0"
    "lines-and-columns" "^1.1.6"

"parse-passwd@^1.0.0":
  "version" "1.0.0"

"path-exists@^3.0.0":
  "version" "3.0.0"

"path-exists@^4.0.0":
  "version" "4.0.0"

"path-is-absolute@^1.0.0":
  "version" "1.0.1"

"path-key@^3.1.0":
  "version" "3.1.1"

"path-type@^4.0.0":
  "version" "4.0.0"

"performance-now@^2.1.0":
  "version" "2.1.0"

"picomatch@^2.2.1", "picomatch@^2.2.3":
  "version" "2.2.3"

"prelude-ls@^1.2.1":
  "version" "1.2.1"

"prepend-http@^2.0.0":
  "version" "2.0.0"

"process-nextick-args@~2.0.0":
  "version" "2.0.1"

"progress@^2.0.0", "progress@^2.0.3":
  "version" "2.0.3"

"promise-inflight@^1.0.1":
  "version" "1.0.1"

"promise-retry@^2.0.1":
  "version" "2.0.1"
  dependencies:
    "err-code" "^2.0.2"
    "retry" "^0.12.0"

"prompts@^2.4.1":
  "version" "2.4.1"
  dependencies:
    "kleur" "^3.0.3"
    "sisteransi" "^1.0.5"

"psl@^1.1.28":
  "version" "1.8.0"

"pump@^3.0.0":
  "version" "3.0.0"
  dependencies:
    "end-of-stream" "^1.1.0"
    "once" "^1.3.1"

"punycode@^2.1.0", "punycode@^2.1.1":
  "version" "2.1.1"

"pupa@^2.1.1":
  "version" "2.1.1"
  dependencies:
    "escape-goat" "^2.0.0"

"qs@~6.5.2":
  "version" "6.5.2"

"queue-microtask@^1.2.2":
  "version" "1.2.3"

"rc-config-loader@^4.0.0":
  "version" "4.0.0"
  dependencies:
    "debug" "^4.1.1"
    "js-yaml" "^4.0.0"
    "json5" "^2.1.2"
    "require-from-string" "^2.0.2"

"rc@^1.2.8":
  "version" "1.2.8"
  dependencies:
    "deep-extend" "^0.6.0"
    "ini" "~1.3.0"
    "minimist" "^1.2.0"
    "strip-json-comments" "~2.0.1"

"read-package-json-fast@^2.0.1":
  "version" "2.0.2"
  dependencies:
    "json-parse-even-better-errors" "^2.3.0"
    "npm-normalize-package-bin" "^1.0.1"

"readable-stream@^2.0.6":
  "version" "2.3.7"
  dependencies:
    "core-util-is" "~1.0.0"
    "inherits" "~2.0.3"
    "isarray" "~1.0.0"
    "process-nextick-args" "~2.0.0"
    "safe-buffer" "~5.1.1"
    "string_decoder" "~1.1.1"
    "util-deprecate" "~1.0.1"

"regexpp@^3.0.0", "regexpp@^3.1.0":
  "version" "3.1.0"

"registry-auth-token@^4.0.0":
  "version" "4.2.1"
  dependencies:
    "rc" "^1.2.8"

"registry-url@^5.0.0":
  "version" "5.1.0"
  dependencies:
    "rc" "^1.2.8"

"remote-git-tags@^3.0.0":
  "version" "3.0.0"

"request@^2.88.2":
  "version" "2.88.2"
  dependencies:
    "aws-sign2" "~0.7.0"
    "aws4" "^1.8.0"
    "caseless" "~0.12.0"
    "combined-stream" "~1.0.6"
    "extend" "~3.0.2"
    "forever-agent" "~0.6.1"
    "form-data" "~2.3.2"
    "har-validator" "~5.1.3"
    "http-signature" "~1.2.0"
    "is-typedarray" "~1.0.0"
    "isstream" "~0.1.2"
    "json-stringify-safe" "~5.0.1"
    "mime-types" "~2.1.19"
    "oauth-sign" "~0.9.0"
    "performance-now" "^2.1.0"
    "qs" "~6.5.2"
    "safe-buffer" "^5.1.2"
    "tough-cookie" "~2.5.0"
    "tunnel-agent" "^0.6.0"
    "uuid" "^3.3.2"

"require-from-string@^2.0.2":
  "version" "2.0.2"

"resolve-dir@^1.0.0", "resolve-dir@^1.0.1":
  "version" "1.0.1"
  dependencies:
    "expand-tilde" "^2.0.0"
    "global-modules" "^1.0.0"

"resolve-from@^4.0.0":
  "version" "4.0.0"

"resolve-from@^5.0.0":
  "version" "5.0.0"

"resolve-global@^1.0.0":
  "version" "1.0.0"
  dependencies:
    "global-dirs" "^0.1.1"

"responselike@^1.0.2":
  "version" "1.0.2"
  dependencies:
    "lowercase-keys" "^1.0.0"

"restore-cursor@^2.0.0":
  "version" "2.0.0"
  dependencies:
    "onetime" "^2.0.0"
    "signal-exit" "^3.0.2"

"retry@^0.12.0":
  "version" "0.12.0"

"reusify@^1.0.4":
  "version" "1.0.4"

"rimraf@^3.0.0", "rimraf@^3.0.2":
  "version" "3.0.2"
  dependencies:
    "glob" "^7.1.3"

"run-async@^2.2.0":
  "version" "2.4.1"

"run-parallel@^1.1.9":
  "version" "1.2.0"
  dependencies:
    "queue-microtask" "^1.2.2"

"rxjs@^6.4.0":
  "version" "6.6.7"
  dependencies:
    "tslib" "^1.9.0"

"safe-buffer@^5.0.1":
  "version" "5.2.1"

"safe-buffer@^5.1.2":
  "version" "5.2.1"

"safe-buffer@~5.1.0", "safe-buffer@~5.1.1":
  "version" "5.1.2"

"safer-buffer@^2.0.2", "safer-buffer@^2.1.0", "safer-buffer@>= 2.1.2 < 3", "safer-buffer@>= 2.1.2 < 3.0.0", "safer-buffer@~2.1.0":
  "version" "2.1.2"

"semver-diff@^3.1.1":
  "version" "3.1.1"
  dependencies:
    "semver" "^6.3.0"

"semver-utils@^1.1.4":
  "version" "1.1.4"

"semver@^6.0.0":
  "version" "6.3.0"

"semver@^6.2.0":
  "version" "6.3.0"

"semver@^6.3.0":
  "version" "6.3.0"

"semver@^7.1.1", "semver@^7.2.1", "semver@^7.3.2", "semver@^7.3.4", "semver@^7.3.5":
  "version" "7.3.5"
  dependencies:
    "lru-cache" "^6.0.0"

"set-blocking@~2.0.0":
  "version" "2.0.0"

"shebang-command@^2.0.0":
  "version" "2.0.0"
  dependencies:
    "shebang-regex" "^3.0.0"

"shebang-regex@^3.0.0":
  "version" "3.0.0"

"signal-exit@^3.0.0", "signal-exit@^3.0.2":
  "version" "3.0.3"

"sisteransi@^1.0.5":
  "version" "1.0.5"

"slash@^3.0.0":
  "version" "3.0.0"

"slice-ansi@^4.0.0":
  "version" "4.0.0"
  dependencies:
    "ansi-styles" "^4.0.0"
    "astral-regex" "^2.0.0"
    "is-fullwidth-code-point" "^3.0.0"

"smart-buffer@^4.1.0":
  "version" "4.1.0"

"socks-proxy-agent@^5.0.0":
  "version" "5.0.0"
  dependencies:
    "agent-base" "6"
    "debug" "4"
    "socks" "^2.3.3"

"socks@^2.3.3":
  "version" "2.6.1"
  dependencies:
    "ip" "^1.1.5"
    "smart-buffer" "^4.1.0"

"spawn-please@^1.0.0":
  "version" "1.0.0"

"sprintf-js@~1.0.2":
  "version" "1.0.3"

"sshpk@^1.7.0":
  "version" "1.16.1"
  dependencies:
    "asn1" "~0.2.3"
    "assert-plus" "^1.0.0"
    "bcrypt-pbkdf" "^1.0.0"
    "dashdash" "^1.12.0"
    "ecc-jsbn" "~0.1.1"
    "getpass" "^0.1.1"
    "jsbn" "~0.1.0"
    "safer-buffer" "^2.0.2"
    "tweetnacl" "~0.14.0"

"ssri@^8.0.0", "ssri@^8.0.1":
  "version" "8.0.1"
  dependencies:
    "minipass" "^3.1.1"

"string_decoder@~1.1.1":
  "version" "1.1.1"
  dependencies:
    "safe-buffer" "~5.1.0"

"string-width@^1.0.1":
  "version" "1.0.2"
  dependencies:
    "code-point-at" "^1.0.0"
    "is-fullwidth-code-point" "^1.0.0"
    "strip-ansi" "^3.0.0"

"string-width@^1.0.2 || 2":
  "version" "2.1.1"
  dependencies:
    "is-fullwidth-code-point" "^2.0.0"
    "strip-ansi" "^4.0.0"

"string-width@^2.1.0":
  "version" "2.1.1"
  dependencies:
    "is-fullwidth-code-point" "^2.0.0"
    "strip-ansi" "^4.0.0"

"string-width@^3.0.0":
  "version" "3.1.0"
  dependencies:
    "emoji-regex" "^7.0.1"
    "is-fullwidth-code-point" "^2.0.0"
    "strip-ansi" "^5.1.0"

"string-width@^4.0.0", "string-width@^4.1.0", "string-width@^4.2.0":
  "version" "4.2.2"
  dependencies:
    "emoji-regex" "^8.0.0"
    "is-fullwidth-code-point" "^3.0.0"
    "strip-ansi" "^6.0.0"

"strip-ansi@^3.0.0", "strip-ansi@^3.0.1":
  "version" "3.0.1"
  dependencies:
    "ansi-regex" "^2.0.0"

"strip-ansi@^4.0.0":
  "version" "4.0.0"
  dependencies:
    "ansi-regex" "^3.0.0"

"strip-ansi@^5.1.0":
  "version" "5.2.0"
  dependencies:
    "ansi-regex" "^4.1.0"

"strip-ansi@^6.0.0":
  "version" "6.0.0"
  dependencies:
    "ansi-regex" "^5.0.0"

"strip-bom@4.0.0":
  "version" "4.0.0"

"strip-json-comments@^3.1.0", "strip-json-comments@^3.1.1":
  "version" "3.1.1"

"strip-json-comments@~2.0.1":
  "version" "2.0.1"

"strip-json-comments@3.0.1":
  "version" "3.0.1"

"supports-color@^5.3.0":
  "version" "5.5.0"
  dependencies:
    "has-flag" "^3.0.0"

"supports-color@^7.1.0":
  "version" "7.2.0"
  dependencies:
    "has-flag" "^4.0.0"

"table@^6.0.9":
  "version" "6.7.1"
  dependencies:
    "ajv" "^8.0.1"
    "lodash.clonedeep" "^4.5.0"
    "lodash.truncate" "^4.4.2"
    "slice-ansi" "^4.0.0"
    "string-width" "^4.2.0"
    "strip-ansi" "^6.0.0"

"tar@^6.0.2", "tar@^6.1.0":
  "version" "6.1.0"
  dependencies:
    "chownr" "^2.0.0"
    "fs-minipass" "^2.0.0"
    "minipass" "^3.0.0"
    "minizlib" "^2.1.1"
    "mkdirp" "^1.0.3"
    "yallist" "^4.0.0"

"text-table@^0.2.0":
  "version" "0.2.0"

"through@^2.3.6":
  "version" "2.3.8"

"tmp@^0.0.33":
  "version" "0.0.33"
  dependencies:
    "os-tmpdir" "~1.0.2"

"tmp@^0.2.1":
  "version" "0.2.1"
  dependencies:
    "rimraf" "^3.0.0"

"to-readable-stream@^1.0.0":
  "version" "1.0.0"

"to-regex-range@^5.0.1":
  "version" "5.0.1"
  dependencies:
    "is-number" "^7.0.0"

"tough-cookie@~2.5.0":
  "version" "2.5.0"
  dependencies:
    "psl" "^1.1.28"
    "punycode" "^2.1.1"

"tslib@^1.8.1", "tslib@^1.9.0":
  "version" "1.14.1"

"tsutils@^3.17.1":
  "version" "3.21.0"
  dependencies:
    "tslib" "^1.8.1"

"tunnel-agent@^0.6.0":
  "version" "0.6.0"
  dependencies:
    "safe-buffer" "^5.0.1"

"tweetnacl@^0.14.3", "tweetnacl@~0.14.0":
  "version" "0.14.5"

"type-check@^0.4.0", "type-check@~0.4.0":
  "version" "0.4.0"
  dependencies:
    "prelude-ls" "^1.2.1"

"type-fest@^0.20.2":
  "version" "0.20.2"

"type-fest@^0.8.1":
  "version" "0.8.1"

"typedarray-to-buffer@^3.1.5":
  "version" "3.1.5"
  dependencies:
    "is-typedarray" "^1.0.0"

"typescript@^4.2.4", "typescript@>=2.8.0 || >= 3.2.0-dev || >= 3.3.0-dev || >= 3.4.0-dev || >= 3.5.0-dev || >= 3.6.0-dev || >= 3.6.0-beta || >= 3.7.0-dev || >= 3.7.0-beta":
  "version" "4.2.4"

"unique-filename@^1.1.1":
  "version" "1.1.1"
  dependencies:
    "unique-slug" "^2.0.0"

"unique-slug@^2.0.0":
  "version" "2.0.2"
  dependencies:
    "imurmurhash" "^0.1.4"

"unique-string@^2.0.0":
  "version" "2.0.0"
  dependencies:
    "crypto-random-string" "^2.0.0"

"universalify@^0.1.0":
  "version" "0.1.2"

"update-notifier@^5.1.0":
  "version" "5.1.0"
  dependencies:
    "boxen" "^5.0.0"
    "chalk" "^4.1.0"
    "configstore" "^5.0.1"
    "has-yarn" "^2.1.0"
    "import-lazy" "^2.1.0"
    "is-ci" "^2.0.0"
    "is-installed-globally" "^0.4.0"
    "is-npm" "^5.0.0"
    "is-yarn-global" "^0.3.0"
    "latest-version" "^5.1.0"
    "pupa" "^2.1.1"
    "semver" "^7.3.4"
    "semver-diff" "^3.1.1"
    "xdg-basedir" "^4.0.0"

"uri-js@^4.2.2":
  "version" "4.4.1"
  dependencies:
    "punycode" "^2.1.0"

"url-parse-lax@^3.0.0":
  "version" "3.0.0"
  dependencies:
    "prepend-http" "^2.0.0"

"util-deprecate@~1.0.1":
  "version" "1.0.2"

"uuid@^3.3.2":
  "version" "3.4.0"

"v8-compile-cache@^2.0.3":
  "version" "2.3.0"

"validate-npm-package-name@^3.0.0":
  "version" "3.0.0"
  dependencies:
    "builtins" "^1.0.3"

"verror@1.10.0":
  "version" "1.10.0"
  dependencies:
    "assert-plus" "^1.0.0"
    "core-util-is" "1.0.2"
    "extsprintf" "^1.2.0"

"which@^1.2.14":
  "version" "1.3.1"
  dependencies:
    "isexe" "^2.0.0"

"which@^2.0.1", "which@^2.0.2":
  "version" "2.0.2"
  dependencies:
    "isexe" "^2.0.0"

"wide-align@^1.1.0":
  "version" "1.1.3"
  dependencies:
    "string-width" "^1.0.2 || 2"

"widest-line@^3.1.0":
  "version" "3.1.0"
  dependencies:
    "string-width" "^4.0.0"

"word-wrap@^1.0.3", "word-wrap@^1.2.3":
  "version" "1.2.3"

"wrap-ansi@^7.0.0":
  "version" "7.0.0"
  dependencies:
    "ansi-styles" "^4.0.0"
    "string-width" "^4.1.0"
    "strip-ansi" "^6.0.0"

"wrappy@1":
  "version" "1.0.2"

"write-file-atomic@^3.0.0":
  "version" "3.0.3"
  dependencies:
    "imurmurhash" "^0.1.4"
    "is-typedarray" "^1.0.0"
    "signal-exit" "^3.0.2"
    "typedarray-to-buffer" "^3.1.5"

"xdg-basedir@^4.0.0":
  "version" "4.0.0"

"yallist@^4.0.0":
  "version" "4.0.0"

"yaml@^1.10.0":
  "version" "1.10.2"

"yocto-queue@^0.1.0":
  "version" "0.1.0"
